// !$*UTF8*$!
{
	archiveVersion = 1;
	classes = {
	};
	objectVersion = 46;
	objects = {

/* Begin PBXBuildFile section */
		02AEB4DA19F552DF0054021B /* main.m in Sources */ = {isa = PBXBuildFile; fileRef = 02AEB4D919F552DF0054021B /* main.m */; };
		02AEB4DD19F552DF0054021B /* AppDelegate.m in Sources */ = {isa = PBXBuildFile; fileRef = 02AEB4DC19F552DF0054021B /* AppDelegate.m */; };
		02AEB4E019F552DF0054021B /* ViewController.m in Sources */ = {isa = PBXBuildFile; fileRef = 02AEB4DF19F552DF0054021B /* ViewController.m */; };
		02AEB4E319F552DF0054021B /* Main.storyboard in Resources */ = {isa = PBXBuildFile; fileRef = 02AEB4E119F552DF0054021B /* Main.storyboard */; };
		02AEB4E519F552DF0054021B /* Images.xcassets in Resources */ = {isa = PBXBuildFile; fileRef = 02AEB4E419F552DF0054021B /* Images.xcassets */; };
		02AEB4E819F552DF0054021B /* LaunchScreen.xib in Resources */ = {isa = PBXBuildFile; fileRef = 02AEB4E619F552DF0054021B /* LaunchScreen.xib */; };
		02AEB4F419F552DF0054021B /* ButtpusherTests.m in Sources */ = {isa = PBXBuildFile; fileRef = 02AEB4F319F552DF0054021B /* ButtpusherTests.m */; };
/* End PBXBuildFile section */

/* Begin PBXContainerItemProxy section */
		02AEB4EE19F552DF0054021B /* PBXContainerItemProxy */ = {
			isa = PBXContainerItemProxy;
			containerPortal = 02AEB4CC19F552DF0054021B /* Project object */;
			proxyType = 1;
			remoteGlobalIDString = 02AEB4D319F552DF0054021B;
			remoteInfo = Buttpusher;
		};
/* End PBXContainerItemProxy section */

/* Begin PBXFileReference section */
		02AEB4D419F552DF0054021B /* Buttpusher.app */ = {isa = PBXFileReference; explicitFileType = wrapper.application; includeInIndex = 0; path = Buttpusher.app; sourceTree = BUILT_PRODUCTS_DIR; };
		02AEB4D819F552DF0054021B /* Info.plist */ = {isa = PBXFileReference; lastKnownFileType = text.plist.xml; path = Info.plist; sourceTree = "<group>"; };
		02AEB4D919F552DF0054021B /* main.m */ = {isa = PBXFileReference; lastKnownFileType = sourcecode.c.objc; path = main.m; sourceTree = "<group>"; };
		02AEB4DB19F552DF0054021B /* AppDelegate.h */ = {isa = PBXFileReference; lastKnownFileType = sourcecode.c.h; path = AppDelegate.h; sourceTree = "<group>"; };
		02AEB4DC19F552DF0054021B /* AppDelegate.m */ = {isa = PBXFileReference; lastKnownFileType = sourcecode.c.objc; path = AppDelegate.m; sourceTree = "<group>"; };
		02AEB4DE19F552DF0054021B /* ViewController.h */ = {isa = PBXFileReference; lastKnownFileType = sourcecode.c.h; path = ViewController.h; sourceTree = "<group>"; };
		02AEB4DF19F552DF0054021B /* ViewController.m */ = {isa = PBXFileReference; lastKnownFileType = sourcecode.c.objc; path = ViewController.m; sourceTree = "<group>"; };
		02AEB4E219F552DF0054021B /* Base */ = {isa = PBXFileReference; lastKnownFileType = file.storyboard; name = Base; path = Base.lproj/Main.storyboard; sourceTree = "<group>"; };
		02AEB4E419F552DF0054021B /* Images.xcassets */ = {isa = PBXFileReference; lastKnownFileType = folder.assetcatalog; path = Images.xcassets; sourceTree = "<group>"; };
		02AEB4E719F552DF0054021B /* Base */ = {isa = PBXFileReference; lastKnownFileType = file.xib; name = Base; path = Base.lproj/LaunchScreen.xib; sourceTree = "<group>"; };
		02AEB4ED19F552DF0054021B /* ButtpusherTests.xctest */ = {isa = PBXFileReference; explicitFileType = wrapper.cfbundle; includeInIndex = 0; path = ButtpusherTests.xctest; sourceTree = BUILT_PRODUCTS_DIR; };
		02AEB4F219F552DF0054021B /* Info.plist */ = {isa = PBXFileReference; lastKnownFileType = text.plist.xml; path = Info.plist; sourceTree = "<group>"; };
		02AEB4F319F552DF0054021B /* ButtpusherTests.m */ = {isa = PBXFileReference; lastKnownFileType = sourcecode.c.objc; path = ButtpusherTests.m; sourceTree = "<group>"; };
/* End PBXFileReference section */

/* Begin PBXFrameworksBuildPhase section */
		02AEB4D119F552DF0054021B /* Frameworks */ = {
			isa = PBXFrameworksBuildPhase;
			buildActionMask = 2147483647;
			files = (
			);
			runOnlyForDeploymentPostprocessing = 0;
		};
		02AEB4EA19F552DF0054021B /* Frameworks */ = {
			isa = PBXFrameworksBuildPhase;
			buildActionMask = 2147483647;
			files = (
			);
			runOnlyForDeploymentPostprocessing = 0;
		};
/* End PBXFrameworksBuildPhase section */

/* Begin PBXGroup section */
		02AEB4CB19F552DF0054021B = {
			isa = PBXGroup;
			children = (
				02AEB4D619F552DF0054021B /* Buttpusher */,
				02AEB4F019F552DF0054021B /* ButtpusherTests */,
				02AEB4D519F552DF0054021B /* Products */,
			);
			sourceTree = "<group>";
		};
		02AEB4D519F552DF0054021B /* Products */ = {
			isa = PBXGroup;
			children = (
				02AEB4D419F552DF0054021B /* Buttpusher.app */,
				02AEB4ED19F552DF0054021B /* ButtpusherTests.xctest */,
			);
			name = Products;
			sourceTree = "<group>";
		};
		02AEB4D619F552DF0054021B /* Buttpusher */ = {
			isa = PBXGroup;
			children = (
				02AEB4DB19F552DF0054021B /* AppDelegate.h */,
				02AEB4DC19F552DF0054021B /* AppDelegate.m */,
				02AEB4DE19F552DF0054021B /* ViewController.h */,
				02AEB4DF19F552DF0054021B /* ViewController.m */,
				02AEB4E119F552DF0054021B /* Main.storyboard */,
				02AEB4E419F552DF0054021B /* Images.xcassets */,
				02AEB4E619F552DF0054021B /* LaunchScreen.xib */,
				02AEB4D719F552DF0054021B /* Supporting Files */,
			);
			path = Buttpusher;
			sourceTree = "<group>";
		};
		02AEB4D719F552DF0054021B /* Supporting Files */ = {
			isa = PBXGroup;
			children = (
				02AEB4D819F552DF0054021B /* Info.plist */,
				02AEB4D919F552DF0054021B /* main.m */,
			);
			name = "Supporting Files";
			sourceTree = "<group>";
		};
		02AEB4F019F552DF0054021B /* ButtpusherTests */ = {
			isa = PBXGroup;
			children = (
				02AEB4F319F552DF0054021B /* ButtpusherTests.m */,
				02AEB4F119F552DF0054021B /* Supporting Files */,
			);
			path = ButtpusherTests;
			sourceTree = "<group>";
		};
		02AEB4F119F552DF0054021B /* Supporting Files */ = {
			isa = PBXGroup;
			children = (
				02AEB4F219F552DF0054021B /* Info.plist */,
			);
			name = "Supporting Files";
			sourceTree = "<group>";
		};
/* End PBXGroup section */

/* Begin PBXNativeTarget section */
		02AEB4D319F552DF0054021B /* Buttpusher */ = {
			isa = PBXNativeTarget;
			buildConfigurationList = 02AEB4F719F552DF0054021B /* Build configuration list for PBXNativeTarget "Buttpusher" */;
			buildPhases = (
				02AEB4D019F552DF0054021B /* Sources */,
				02AEB4D119F552DF0054021B /* Frameworks */,
				02AEB4D219F552DF0054021B /* Resources */,
			);
			buildRules = (
			);
			dependencies = (
			);
			name = Buttpusher;
			productName = Buttpusher;
			productReference = 02AEB4D419F552DF0054021B /* Buttpusher.app */;
			productType = "com.apple.product-type.application";
		};
		02AEB4EC19F552DF0054021B /* ButtpusherTests */ = {
			isa = PBXNativeTarget;
			buildConfigurationList = 02AEB4FA19F552DF0054021B /* Build configuration list for PBXNativeTarget "ButtpusherTests" */;
			buildPhases = (
				02AEB4E919F552DF0054021B /* Sources */,
				02AEB4EA19F552DF0054021B /* Frameworks */,
				02AEB4EB19F552DF0054021B /* Resources */,
			);
			buildRules = (
			);
			dependencies = (
				02AEB4EF19F552DF0054021B /* PBXTargetDependency */,
			);
			name = ButtpusherTests;
			productName = ButtpusherTests;
			productReference = 02AEB4ED19F552DF0054021B /* ButtpusherTests.xctest */;
			productType = "com.apple.product-type.bundle.unit-test";
		};
/* End PBXNativeTarget section */

/* Begin PBXProject section */
		02AEB4CC19F552DF0054021B /* Project object */ = {
			isa = PBXProject;
			attributes = {
				LastUpgradeCheck = 0600;
				ORGANIZATIONNAME = Hanguang;
				TargetAttributes = {
					02AEB4D319F552DF0054021B = {
						CreatedOnToolsVersion = 6.0.1;
					};
					02AEB4EC19F552DF0054021B = {
						CreatedOnToolsVersion = 6.0.1;
						TestTargetID = 02AEB4D319F552DF0054021B;
					};
				};
			};
			buildConfigurationList = 02AEB4CF19F552DF0054021B /* Build configuration list for PBXProject "Buttpusher" */;
			compatibilityVersion = "Xcode 3.2";
			developmentRegion = English;
			hasScannedForEncodings = 0;
			knownRegions = (
				en,
				Base,
			);
			mainGroup = 02AEB4CB19F552DF0054021B;
			productRefGroup = 02AEB4D519F552DF0054021B /* Products */;
			projectDirPath = "";
			projectRoot = "";
			targets = (
				02AEB4D319F552DF0054021B /* Buttpusher */,
				02AEB4EC19F552DF0054021B /* ButtpusherTests */,
			);
		};
/* End PBXProject section */

/* Begin PBXResourcesBuildPhase section */
		02AEB4D219F552DF0054021B /* Resources */ = {
			isa = PBXResourcesBuildPhase;
			buildActionMask = 2147483647;
			files = (
				02AEB4E319F552DF0054021B /* Main.storyboard in Resources */,
				02AEB4E819F552DF0054021B /* LaunchScreen.xib in Resources */,
				02AEB4E519F552DF0054021B /* Images.xcassets in Resources */,
			);
			runOnlyForDeploymentPostprocessing = 0;
		};
		02AEB4EB19F552DF0054021B /* Resources */ = {
			isa = PBXResourcesBuildPhase;
			buildActionMask = 2147483647;
			files = (
			);
			runOnlyForDeploymentPostprocessing = 0;
		};
/* End PBXResourcesBuildPhase section */

/* Begin PBXSourcesBuildPhase section */
		02AEB4D019F552DF0054021B /* Sources */ = {
			isa = PBXSourcesBuildPhase;
			buildActionMask = 2147483647;
			files = (
				02AEB4E019F552DF0054021B /* ViewController.m in Sources */,
				02AEB4DD19F552DF0054021B /* AppDelegate.m in Sources */,
				02AEB4DA19F552DF0054021B /* main.m in Sources */,
			);
			runOnlyForDeploymentPostprocessing = 0;
		};
		02AEB4E919F552DF0054021B /* Sources */ = {
			isa = PBXSourcesBuildPhase;
			buildActionMask = 2147483647;
			files = (
				02AEB4F419F552DF0054021B /* ButtpusherTests.m in Sources */,
			);
			runOnlyForDeploymentPostprocessing = 0;
		};
/* End PBXSourcesBuildPhase section */

/* Begin PBXTargetDependency section */
		02AEB4EF19F552DF0054021B /* PBXTargetDependency */ = {
			isa = PBXTargetDependency;
			target = 02AEB4D319F552DF0054021B /* Buttpusher */;
			targetProxy = 02AEB4EE19F552DF0054021B /* PBXContainerItemProxy */;
		};
/* End PBXTargetDependency section */

/* Begin PBXVariantGroup section */
		02AEB4E119F552DF0054021B /* Main.storyboard */ = {
			isa = PBXVariantGroup;
			children = (
				02AEB4E219F552DF0054021B /* Base */,
			);
			name = Main.storyboard;
			sourceTree = "<group>";
		};
		02AEB4E619F552DF0054021B /* LaunchScreen.xib */ = {
			isa = PBXVariantGroup;
			children = (
				02AEB4E719F552DF0054021B /* Base */,
			);
			name = LaunchScreen.xib;
			sourceTree = "<group>";
		};
/* End PBXVariantGroup section */

/* Begin XCBuildConfiguration section */
		02AEB4F519F552DF0054021B /* Debug */ = {
			isa = XCBuildConfiguration;
			buildSettings = {
				ALWAYS_SEARCH_USER_PATHS = NO;
				CLANG_CXX_LANGUAGE_STANDARD = "gnu++0x";
				CLANG_CXX_LIBRARY = "libc++";
				CLANG_ENABLE_MODULES = YES;
				CLANG_ENABLE_OBJC_ARC = YES;
				CLANG_WARN_BOOL_CONVERSION = YES;
				CLANG_WARN_CONSTANT_CONVERSION = YES;
				CLANG_WARN_DIRECT_OBJC_ISA_USAGE = YES_ERROR;
				CLANG_WARN_EMPTY_BODY = YES;
				CLANG_WARN_ENUM_CONVERSION = YES;
				CLANG_WARN_INT_CONVERSION = YES;
				CLANG_WARN_OBJC_ROOT_CLASS = YES_ERROR;
				CLANG_WARN_UNREACHABLE_CODE = YES;
				CLANG_WARN__DUPLICATE_METHOD_MATCH = YES;
				"CODE_SIGN_IDENTITY[sdk=iphoneos*]" = "iPhone Developer";
				COPY_PHASE_STRIP = NO;
				ENABLE_STRICT_OBJC_MSGSEND = YES;
				GCC_C_LANGUAGE_STANDARD = gnu99;
				GCC_DYNAMIC_NO_PIC = NO;
				GCC_OPTIMIZATION_LEVEL = 0;
				GCC_PREPROCESSOR_DEFINITIONS = (
					"DEBUG=1",
					"$(inherited)",
				);
				GCC_SYMBOLS_PRIVATE_EXTERN = NO;
				GCC_WARN_64_TO_32_BIT_CONVERSION = YES;
				GCC_WARN_ABOUT_RETURN_TYPE = YES_ERROR;
				GCC_WARN_UNDECLARED_SELECTOR = YES;
				GCC_WARN_UNINITIALIZED_AUTOS = YES_AGGRESSIVE;
				GCC_WARN_UNUSED_FUNCTION = YES;
				GCC_WARN_UNUSED_VARIABLE = YES;
				IPHONEOS_DEPLOYMENT_TARGET = 8.0;
				MTL_ENABLE_DEBUG_INFO = YES;
				ONLY_ACTIVE_ARCH = YES;
				SDKROOT = iphoneos;
			};
			name = Debug;
		};
		02AEB4F619F552DF0054021B /* Release */ = {
			isa = XCBuildConfiguration;
			buildSettings = {
				ALWAYS_SEARCH_USER_PATHS = NO;
				CLANG_CXX_LANGUAGE_STANDARD = "gnu++0x";
				CLANG_CXX_LIBRARY = "libc++";
				CLANG_ENABLE_MODULES = YES;
				CLANG_ENABLE_OBJC_ARC = YES;
				CLANG_WARN_BOOL_CONVERSION = YES;
				CLANG_WARN_CONSTANT_CONVERSION = YES;
				CLANG_WARN_DIRECT_OBJC_ISA_USAGE = YES_ERROR;
				CLANG_WARN_EMPTY_BODY = YES;
				CLANG_WARN_ENUM_CONVERSION = YES;
				CLANG_WARN_INT_CONVERSION = YES;
				CLANG_WARN_OBJC_ROOT_CLASS = YES_ERROR;
				CLANG_WARN_UNREACHABLE_CODE = YES;
				CLANG_WARN__DUPLICATE_METHOD_MATCH = YES;
				"CODE_SIGN_IDENTITY[sdk=iphoneos*]" = "iPhone Developer";
				COPY_PHASE_STRIP = YES;
				ENABLE_NS_ASSERTIONS = NO;
				ENABLE_STRICT_OBJC_MSGSEND = YES;
				GCC_C_LANGUAGE_STANDARD = gnu99;
				GCC_WARN_64_TO_32_BIT_CONVERSION = YES;
				GCC_WARN_ABOUT_RETURN_TYPE = YES_ERROR;
				GCC_WARN_UNDECLARED_SELECTOR = YES;
				GCC_WARN_UNINITIALIZED_AUTOS = YES_AGGRESSIVE;
				GCC_WARN_UNUSED_FUNCTION = YES;
				GCC_WARN_UNUSED_VARIABLE = YES;
				IPHONEOS_DEPLOYMENT_TARGET = 8.0;
				MTL_ENABLE_DEBUG_INFO = NO;
				SDKROOT = iphoneos;
				VALIDATE_PRODUCT = YES;
			};
			name = Release;
		};
		02AEB4F819F552DF0054021B /* Debug */ = {
			isa = XCBuildConfiguration;
			buildSettings = {
				ASSETCATALOG_COMPILER_APPICON_NAME = AppIcon;
				INFOPLIST_FILE = Buttpusher/Info.plist;
				LD_RUNPATH_SEARCH_PATHS = "$(inherited) @executable_path/Frameworks";
				PRODUCT_NAME = "$(TARGET_NAME)";
			};
			name = Debug;
		};
		02AEB4F919F552DF0054021B /* Release */ = {
			isa = XCBuildConfiguration;
			buildSettings = {
				ASSETCATALOG_COMPILER_APPICON_NAME = AppIcon;
				INFOPLIST_FILE = Buttpusher/Info.plist;
				LD_RUNPATH_SEARCH_PATHS = "$(inherited) @executable_path/Frameworks";
				PRODUCT_NAME = "$(TARGET_NAME)";
			};
			name = Release;
		};
		02AEB4FB19F552DF0054021B /* Debug */ = {
			isa = XCBuildConfiguration;
			buildSettings = {
				BUNDLE_LOADER = "$(TEST_HOST)";
				FRAMEWORK_SEARCH_PATHS = (
					"$(SDKROOT)/Developer/Library/Frameworks",
					"$(inherited)",
				);
				GCC_PREPROCESSOR_DEFINITIONS = (
					"DEBUG=1",
					"$(inherited)",
				);
				INFOPLIST_FILE = ButtpusherTests/Info.plist;
				LD_RUNPATH_SEARCH_PATHS = "$(inherited) @executable_path/Frameworks @loader_path/Frameworks";
				PRODUCT_NAME = "$(TARGET_NAME)";
				TEST_HOST = "$(BUILT_PRODUCTS_DIR)/Buttpusher.app/Buttpusher";
			};
			name = Debug;
		};
		02AEB4FC19F552DF0054021B /* Release */ = {
			isa = XCBuildConfiguration;
			buildSettings = {
				BUNDLE_LOADER = "$(TEST_HOST)";
				FRAMEWORK_SEARCH_PATHS = (
					"$(SDKROOT)/Developer/Library/Frameworks",
					"$(inherited)",
				);
				INFOPLIST_FILE = ButtpusherTests/Info.plist;
				LD_RUNPATH_SEARCH_PATHS = "$(inherited) @executable_path/Frameworks @loader_path/Frameworks";
				PRODUCT_NAME = "$(TARGET_NAME)";
				TEST_HOST = "$(BUILT_PRODUCTS_DIR)/Buttpusher.app/Buttpusher";
			};
			name = Release;
		};
/* End XCBuildConfiguration section */

/* Begin XCConfigurationList section */
		02AEB4CF19F552DF0054021B /* Build configuration list for PBXProject "Buttpusher" */ = {
			isa = XCConfigurationList;
			buildConfigurations = (
				02AEB4F519F552DF0054021B /* Debug */,
				02AEB4F619F552DF0054021B /* Release */,
			);
			defaultConfigurationIsVisible = 0;
			defaultConfigurationName = Release;
		};
		02AEB4F719F552DF0054021B /* Build configuration list for PBXNativeTarget "Buttpusher" */ = {
			isa = XCConfigurationList;
			buildConfigurations = (
				02AEB4F819F552DF0054021B /* Debug */,
				02AEB4F919F552DF0054021B /* Release */,
			);
			defaultConfigurationIsVisible = 0;
		};
		02AEB4FA19F552DF0054021B /* Build configuration list for PBXNativeTarget "ButtpusherTests" */ = {
			isa = XCConfigurationList;
			buildConfigurations = (
				02AEB4FB19F552DF0054021B /* Debug */,
				02AEB4FC19F552DF0054021B /* Release */,
			);
			defaultConfigurationIsVisible = 0;
		};
/* End XCConfigurationList section */
	};
	rootObject = 02AEB4CC19F552DF0054021B /* Project object */;
}
